<Solution>
  <Configurations>
    <Platform Name="ARM" />
    <Platform Name="ARM64" />
    <Platform Name="x64" />
    <Platform Name="x86" />
  </Configurations>
  <Project Path="ConsoleApplication1/ConsoleApplication1.vcxproj" Id="ef549f70-1f55-43cf-b4ad-dc6365d0b39f">
    <Platform Solution="*|x86" Project="x86" />
    <Deploy />
  </Project>
</Solution>
